{
    "name": "coot_script_lines_node",
    "version": "0.0.1",
    "lockfileVersion": 2,
    "requires": true,
    "packages": {
        "": {
            "name": "coot_script_lines_node",
            "version": "0.0.1",
            "license": "LGPL-3.0-or-later",
            "dependencies": {
                "commander": "^7.2.0",
                "moorhen": "https://github.com/moorhen-coot/Moorhen/releases/download/v0.7.3/moorhen-0.7.3.tgz"
            }
        },
        "node_modules/commander": {
            "version": "7.2.0",
            "resolved": "https://registry.npmjs.org/commander/-/commander-7.2.0.tgz",
            "integrity": "sha512-QrWXB+ZQSVPmIWIhtEO9H+gwHaMGYiF5ChvoJ+K9ZGHG/sVsa6yiesAD1GC/x46sET00Xlwo1u49RVVVzvcSkw==",
            "engines": {
                "node": ">= 10"
            }
        },
        "node_modules/moorhen": {
            "version": "0.7.3",
            "resolved": "https://github.com/moorhen-coot/Moorhen/releases/download/v0.7.3/moorhen-0.7.3.tgz",
            "integrity": "sha512-DbAAt2OxqzH6Ypxa0Wb1cZ8jrhNy9Fy60+PQsefkQYJE3ar0TE/MHHH+wzqtGQydNER7Lrt67XQU/8i0CsPUFA==",
            "license": "BSD-3-Clause"
        }
    },
    "dependencies": {
        "commander": {
            "version": "7.2.0",
            "resolved": "https://registry.npmjs.org/commander/-/commander-7.2.0.tgz",
            "integrity": "sha512-QrWXB+ZQSVPmIWIhtEO9H+gwHaMGYiF5ChvoJ+K9ZGHG/sVsa6yiesAD1GC/x46sET00Xlwo1u49RVVVzvcSkw=="
        },
        "moorhen": {
            "version": "https://github.com/moorhen-coot/Moorhen/releases/download/v0.7.3/moorhen-0.7.3.tgz",
            "integrity": "sha512-DbAAt2OxqzH6Ypxa0Wb1cZ8jrhNy9Fy60+PQsefkQYJE3ar0TE/MHHH+wzqtGQydNER7Lrt67XQU/8i0CsPUFA=="
        }
    }
}
